
Microsoft Visual Studio Solution File, Format Version 12.00
# Visual Studio 15
VisualStudioVersion = 15.0.27428.2011
MinimumVisualStudioVersion = 10.0.40219.1
Project("{FAE04EC0-301F-11D3-BF4B-00C04F79EFBC}") = "1001", "1001\1001.csproj", "{869D3C8F-B1A9-427D-BA8C-56B3D9B12991}"
EndProject
Project("{FAE04EC0-301F-11D3-BF4B-00C04F79EFBC}") = "1002", "1002\1002.csproj", "{BE0C14BC-9F89-4295-8EC3-5D16ED25B2D8}"
EndProject
Project("{FAE04EC0-301F-11D3-BF4B-00C04F79EFBC}") = "1003", "1003\1003.csproj", "{67078289-1E4C-45F5-9704-0800ED177E82}"
EndProject
Project("{FAE04EC0-301F-11D3-BF4B-00C04F79EFBC}") = "1004", "1004\1004.csproj", "{AC5390B5-95D3-460B-8E2F-52FD4D0A21B6}"
EndProject
Project("{FAE04EC0-301F-11D3-BF4B-00C04F79EFBC}") = "1006", "1006\1006.csproj", "{4F713A41-ED1A-446C-AA84-4C3DE6C1CB75}"
EndProject
Project("{FAE04EC0-301F-11D3-BF4B-00C04F79EFBC}") = "1009", "1009\1009.csproj", "{091FC16A-CA3B-4D28-B59F-04EFFC6D1466}"
EndProject
Project("{FAE04EC0-301F-11D3-BF4B-00C04F79EFBC}") = "1011", "1011\1011.csproj", "{AA18837E-CFE3-4F6E-BE27-6EAF00978C82}"
EndProject
Project("{FAE04EC0-301F-11D3-BF4B-00C04F79EFBC}") = "1016", "1016\1016.csproj", "{364CC26E-5C20-4228-983E-8E71444635A0}"
EndProject
Project("{FAE04EC0-301F-11D3-BF4B-00C04F79EFBC}") = "1029", "1029\1029.csproj", "{111C9B3D-4D74-4D7B-BA26-1CB6A730491E}"
EndProject
Project("{FAE04EC0-301F-11D3-BF4B-00C04F79EFBC}") = "1021", "1021\1021.csproj", "{59E0975A-C294-431E-9BF7-BF4261FBEC21}"
EndProject
Project("{FAE04EC0-301F-11D3-BF4B-00C04F79EFBC}") = "1017", "1017\1017.csproj", "{1F2FA581-39C2-46DF-A76A-935AC812C22E}"
EndProject
Project("{FAE04EC0-301F-11D3-BF4B-00C04F79EFBC}") = "1023", "1023\1023.csproj", "{32E29BC9-0686-446A-A7BB-96BFCC27A557}"
EndProject
Project("{FAE04EC0-301F-11D3-BF4B-00C04F79EFBC}") = "1037", "1037\1037.csproj", "{112C4114-9EF8-4A09-BCE6-BE42D0781574}"
EndProject
Project("{FAE04EC0-301F-11D3-BF4B-00C04F79EFBC}") = "1036", "1036\1036.csproj", "{48F9FEFB-2635-43FB-9C01-579D89FC7761}"
EndProject
Project("{FAE04EC0-301F-11D3-BF4B-00C04F79EFBC}") = "1047", "1047\1047.csproj", "{3D000603-4AD4-47D0-B9DD-AC5E95E4631A}"
EndProject
Project("{FAE04EC0-301F-11D3-BF4B-00C04F79EFBC}") = "1041", "1041\1041.csproj", "{59C193FF-1A33-45C3-941F-C81FB5190227}"
EndProject
Project("{FAE04EC0-301F-11D3-BF4B-00C04F79EFBC}") = "1056", "1056\1056.csproj", "{736AEFBE-FC0A-4406-AE9D-EB4E0F60C029}"
EndProject
Project("{FAE04EC0-301F-11D3-BF4B-00C04F79EFBC}") = "1046", "1046\1046.csproj", "{7360E9FD-D733-4A08-BCCA-7D3F7BE95579}"
EndProject
Project("{FAE04EC0-301F-11D3-BF4B-00C04F79EFBC}") = "1061", "1061\1061.csproj", "{F686E426-BE37-4E1D-BD67-D36B0C83962B}"
EndProject
Project("{FAE04EC0-301F-11D3-BF4B-00C04F79EFBC}") = "1063", "1063\1063.csproj", "{F9723A9D-34AB-497A-B926-F6D86B52BE6E}"
EndProject
Project("{FAE04EC0-301F-11D3-BF4B-00C04F79EFBC}") = "1076", "1076\1076.csproj", "{B83BFBEC-E2B2-4E6E-9D82-678FF5F21282}"
EndProject
Project("{FAE04EC0-301F-11D3-BF4B-00C04F79EFBC}") = "1043", "1043\1043.csproj", "{5D1CDFAC-5961-48CB-95FD-0F5B37E8AC5F}"
EndProject
Project("{FAE04EC0-301F-11D3-BF4B-00C04F79EFBC}") = "1042", "1042\1042.csproj", "{B365A0D7-2D6B-4A08-8B1C-9C8158589C6B}"
EndProject
Project("{FAE04EC0-301F-11D3-BF4B-00C04F79EFBC}") = "1026", "1026\1026.csproj", "{FCBC2097-1DEA-4C07-B2E7-E990D3D11AFD}"
EndProject
Project("{FAE04EC0-301F-11D3-BF4B-00C04F79EFBC}") = "1008", "1008\1008.csproj", "{7996F74D-6ECE-4685-898F-8A5EEC17D082}"
EndProject
Project("{FAE04EC0-301F-11D3-BF4B-00C04F79EFBC}") = "1018", "1018\1018.csproj", "{361C78FF-C45E-4247-8943-D6508F9CD873}"
EndProject
Project("{FAE04EC0-301F-11D3-BF4B-00C04F79EFBC}") = "1020", "1020\1020.csproj", "{30D3D299-2D48-41A8-8B2D-1D85A10469C9}"
EndProject
Project("{FAE04EC0-301F-11D3-BF4B-00C04F79EFBC}") = "1022", "1022\1022.csproj", "{7664FFAA-AB79-49E0-99DB-FB865FCEF214}"
EndProject
Project("{FAE04EC0-301F-11D3-BF4B-00C04F79EFBC}") = "1027", "1027\1027.csproj", "{60EB6369-30A4-4B0C-9F33-224D061E5458}"
EndProject
Project("{FAE04EC0-301F-11D3-BF4B-00C04F79EFBC}") = "1019", "1019\1019.csproj", "{6C69E2E6-CFDF-4714-AF42-795F594B3DB1}"
EndProject
Project("{FAE04EC0-301F-11D3-BF4B-00C04F79EFBC}") = "1012", "1012\1012.csproj", "{E16D1D6E-6B3C-4C16-89FB-8E769F095176}"
EndProject
Project("{8BC9CEB8-8B4A-11D0-8D11-00A0C91BC942}") = "1012C", "1012C\1012C.vcxproj", "{0623BCD4-3CE4-4CE5-84F0-5C6477B2F39B}"
EndProject
Project("{FAE04EC0-301F-11D3-BF4B-00C04F79EFBC}") = "1039", "1039\1039.csproj", "{AA16634B-6783-438B-82B5-BDC45D8F856F}"
EndProject
Project("{FAE04EC0-301F-11D3-BF4B-00C04F79EFBC}") = "1064", "1064\1064.csproj", "{EDA82A31-24E7-4FFC-829D-9A7E4C15E31E}"
EndProject
Project("{FAE04EC0-301F-11D3-BF4B-00C04F79EFBC}") = "1055", "1055\1055.csproj", "{0411EBE3-C760-4D6A-8B76-30A0DA435FE9}"
EndProject
Project("{FAE04EC0-301F-11D3-BF4B-00C04F79EFBC}") = "1038", "1038\1038.csproj", "{7A83ED87-DD3F-4ED4-ABA3-DEB697359172}"
EndProject
Project("{FAE04EC0-301F-11D3-BF4B-00C04F79EFBC}") = "1082", "1082\1082.csproj", "{95CC1CC6-828D-4D12-86B9-D2848F9D061E}"
EndProject
Project("{FAE04EC0-301F-11D3-BF4B-00C04F79EFBC}") = "1087", "1087\1087.csproj", "{E7C1111F-8829-4FF2-A585-AA5314954A31}"
EndProject
Project("{FAE04EC0-301F-11D3-BF4B-00C04F79EFBC}") = "1057", "1057\1057.csproj", "{7760BFA9-5F5F-454A-877B-825DC07EC40A}"
EndProject
Project("{FAE04EC0-301F-11D3-BF4B-00C04F79EFBC}") = "1084", "1084\1084.csproj", "{D4B3A40B-E166-435E-BBA6-818DF98F17B7}"
EndProject
Project("{FAE04EC0-301F-11D3-BF4B-00C04F79EFBC}") = "1083", "1083\1083.csproj", "{E8DF049E-3049-4F68-916C-51468A36D6EA}"
EndProject
Project("{FAE04EC0-301F-11D3-BF4B-00C04F79EFBC}") = "1077", "1077\1077.csproj", "{0042E77B-469A-4875-858E-7C1A7025F103}"
EndProject
Project("{FAE04EC0-301F-11D3-BF4B-00C04F79EFBC}") = "1070", "1070\1070.csproj", "{ED808678-A5BC-46BE-9F61-06E8D34CD5E4}"
EndProject
Project("{FAE04EC0-301F-11D3-BF4B-00C04F79EFBC}") = "1044", "1044\1044.csproj", "{593534E5-C7AB-481D-B8E8-8CADCC409FEA}"
EndProject
Project("{FAE04EC0-301F-11D3-BF4B-00C04F79EFBC}") = "1032", "1032\1032.csproj", "{8A33F3D7-FE87-4BA0-97EC-EB5DEDEDA5C7}"
EndProject
Project("{FAE04EC0-301F-11D3-BF4B-00C04F79EFBC}") = "1072", "1072\1072.csproj", "{E44E8CAC-D091-4471-99DC-A6E18F88AA50}"
EndProject
Project("{FAE04EC0-301F-11D3-BF4B-00C04F79EFBC}") = "1086", "1086\1086.csproj", "{651566FF-B6E1-4AD7-BC80-1604FD3C516B}"
EndProject
Global
	GlobalSection(SolutionConfigurationPlatforms) = preSolution
		Debug|Any CPU = Debug|Any CPU
		Debug|x64 = Debug|x64
		Debug|x86 = Debug|x86
		Release|Any CPU = Release|Any CPU
		Release|x64 = Release|x64
		Release|x86 = Release|x86
	EndGlobalSection
	GlobalSection(ProjectConfigurationPlatforms) = postSolution
		{869D3C8F-B1A9-427D-BA8C-56B3D9B12991}.Debug|Any CPU.ActiveCfg = Debug|Any CPU
		{869D3C8F-B1A9-427D-BA8C-56B3D9B12991}.Debug|Any CPU.Build.0 = Debug|Any CPU
		{869D3C8F-B1A9-427D-BA8C-56B3D9B12991}.Debug|x64.ActiveCfg = Debug|Any CPU
		{869D3C8F-B1A9-427D-BA8C-56B3D9B12991}.Debug|x64.Build.0 = Debug|Any CPU
		{869D3C8F-B1A9-427D-BA8C-56B3D9B12991}.Debug|x86.ActiveCfg = Debug|Any CPU
		{869D3C8F-B1A9-427D-BA8C-56B3D9B12991}.Debug|x86.Build.0 = Debug|Any CPU
		{869D3C8F-B1A9-427D-BA8C-56B3D9B12991}.Release|Any CPU.ActiveCfg = Release|Any CPU
		{869D3C8F-B1A9-427D-BA8C-56B3D9B12991}.Release|Any CPU.Build.0 = Release|Any CPU
		{869D3C8F-B1A9-427D-BA8C-56B3D9B12991}.Release|x64.ActiveCfg = Release|Any CPU
		{869D3C8F-B1A9-427D-BA8C-56B3D9B12991}.Release|x64.Build.0 = Release|Any CPU
		{869D3C8F-B1A9-427D-BA8C-56B3D9B12991}.Release|x86.ActiveCfg = Release|Any CPU
		{869D3C8F-B1A9-427D-BA8C-56B3D9B12991}.Release|x86.Build.0 = Release|Any CPU
		{BE0C14BC-9F89-4295-8EC3-5D16ED25B2D8}.Debug|Any CPU.ActiveCfg = Debug|Any CPU
		{BE0C14BC-9F89-4295-8EC3-5D16ED25B2D8}.Debug|Any CPU.Build.0 = Debug|Any CPU
		{BE0C14BC-9F89-4295-8EC3-5D16ED25B2D8}.Debug|x64.ActiveCfg = Debug|Any CPU
		{BE0C14BC-9F89-4295-8EC3-5D16ED25B2D8}.Debug|x64.Build.0 = Debug|Any CPU
		{BE0C14BC-9F89-4295-8EC3-5D16ED25B2D8}.Debug|x86.ActiveCfg = Debug|Any CPU
		{BE0C14BC-9F89-4295-8EC3-5D16ED25B2D8}.Debug|x86.Build.0 = Debug|Any CPU
		{BE0C14BC-9F89-4295-8EC3-5D16ED25B2D8}.Release|Any CPU.ActiveCfg = Release|Any CPU
		{BE0C14BC-9F89-4295-8EC3-5D16ED25B2D8}.Release|Any CPU.Build.0 = Release|Any CPU
		{BE0C14BC-9F89-4295-8EC3-5D16ED25B2D8}.Release|x64.ActiveCfg = Release|Any CPU
		{BE0C14BC-9F89-4295-8EC3-5D16ED25B2D8}.Release|x64.Build.0 = Release|Any CPU
		{BE0C14BC-9F89-4295-8EC3-5D16ED25B2D8}.Release|x86.ActiveCfg = Release|Any CPU
		{BE0C14BC-9F89-4295-8EC3-5D16ED25B2D8}.Release|x86.Build.0 = Release|Any CPU
		{67078289-1E4C-45F5-9704-0800ED177E82}.Debug|Any CPU.ActiveCfg = Debug|Any CPU
		{67078289-1E4C-45F5-9704-0800ED177E82}.Debug|Any CPU.Build.0 = Debug|Any CPU
		{67078289-1E4C-45F5-9704-0800ED177E82}.Debug|x64.ActiveCfg = Debug|Any CPU
		{67078289-1E4C-45F5-9704-0800ED177E82}.Debug|x64.Build.0 = Debug|Any CPU
		{67078289-1E4C-45F5-9704-0800ED177E82}.Debug|x86.ActiveCfg = Debug|Any CPU
		{67078289-1E4C-45F5-9704-0800ED177E82}.Debug|x86.Build.0 = Debug|Any CPU
		{67078289-1E4C-45F5-9704-0800ED177E82}.Release|Any CPU.ActiveCfg = Release|Any CPU
		{67078289-1E4C-45F5-9704-0800ED177E82}.Release|Any CPU.Build.0 = Release|Any CPU
		{67078289-1E4C-45F5-9704-0800ED177E82}.Release|x64.ActiveCfg = Release|Any CPU
		{67078289-1E4C-45F5-9704-0800ED177E82}.Release|x64.Build.0 = Release|Any CPU
		{67078289-1E4C-45F5-9704-0800ED177E82}.Release|x86.ActiveCfg = Release|Any CPU
		{67078289-1E4C-45F5-9704-0800ED177E82}.Release|x86.Build.0 = Release|Any CPU
		{AC5390B5-95D3-460B-8E2F-52FD4D0A21B6}.Debug|Any CPU.ActiveCfg = Debug|Any CPU
		{AC5390B5-95D3-460B-8E2F-52FD4D0A21B6}.Debug|Any CPU.Build.0 = Debug|Any CPU
		{AC5390B5-95D3-460B-8E2F-52FD4D0A21B6}.Debug|x64.ActiveCfg = Debug|Any CPU
		{AC5390B5-95D3-460B-8E2F-52FD4D0A21B6}.Debug|x64.Build.0 = Debug|Any CPU
		{AC5390B5-95D3-460B-8E2F-52FD4D0A21B6}.Debug|x86.ActiveCfg = Debug|Any CPU
		{AC5390B5-95D3-460B-8E2F-52FD4D0A21B6}.Debug|x86.Build.0 = Debug|Any CPU
		{AC5390B5-95D3-460B-8E2F-52FD4D0A21B6}.Release|Any CPU.ActiveCfg = Release|Any CPU
		{AC5390B5-95D3-460B-8E2F-52FD4D0A21B6}.Release|Any CPU.Build.0 = Release|Any CPU
		{AC5390B5-95D3-460B-8E2F-52FD4D0A21B6}.Release|x64.ActiveCfg = Release|Any CPU
		{AC5390B5-95D3-460B-8E2F-52FD4D0A21B6}.Release|x64.Build.0 = Release|Any CPU
		{AC5390B5-95D3-460B-8E2F-52FD4D0A21B6}.Release|x86.ActiveCfg = Release|Any CPU
		{AC5390B5-95D3-460B-8E2F-52FD4D0A21B6}.Release|x86.Build.0 = Release|Any CPU
		{4F713A41-ED1A-446C-AA84-4C3DE6C1CB75}.Debug|Any CPU.ActiveCfg = Debug|Any CPU
		{4F713A41-ED1A-446C-AA84-4C3DE6C1CB75}.Debug|Any CPU.Build.0 = Debug|Any CPU
		{4F713A41-ED1A-446C-AA84-4C3DE6C1CB75}.Debug|x64.ActiveCfg = Debug|Any CPU
		{4F713A41-ED1A-446C-AA84-4C3DE6C1CB75}.Debug|x64.Build.0 = Debug|Any CPU
		{4F713A41-ED1A-446C-AA84-4C3DE6C1CB75}.Debug|x86.ActiveCfg = Debug|Any CPU
		{4F713A41-ED1A-446C-AA84-4C3DE6C1CB75}.Debug|x86.Build.0 = Debug|Any CPU
		{4F713A41-ED1A-446C-AA84-4C3DE6C1CB75}.Release|Any CPU.ActiveCfg = Release|Any CPU
		{4F713A41-ED1A-446C-AA84-4C3DE6C1CB75}.Release|Any CPU.Build.0 = Release|Any CPU
		{4F713A41-ED1A-446C-AA84-4C3DE6C1CB75}.Release|x64.ActiveCfg = Release|Any CPU
		{4F713A41-ED1A-446C-AA84-4C3DE6C1CB75}.Release|x64.Build.0 = Release|Any CPU
		{4F713A41-ED1A-446C-AA84-4C3DE6C1CB75}.Release|x86.ActiveCfg = Release|Any CPU
		{4F713A41-ED1A-446C-AA84-4C3DE6C1CB75}.Release|x86.Build.0 = Release|Any CPU
		{091FC16A-CA3B-4D28-B59F-04EFFC6D1466}.Debug|Any CPU.ActiveCfg = Debug|Any CPU
		{091FC16A-CA3B-4D28-B59F-04EFFC6D1466}.Debug|Any CPU.Build.0 = Debug|Any CPU
		{091FC16A-CA3B-4D28-B59F-04EFFC6D1466}.Debug|x64.ActiveCfg = Debug|Any CPU
		{091FC16A-CA3B-4D28-B59F-04EFFC6D1466}.Debug|x64.Build.0 = Debug|Any CPU
		{091FC16A-CA3B-4D28-B59F-04EFFC6D1466}.Debug|x86.ActiveCfg = Debug|Any CPU
		{091FC16A-CA3B-4D28-B59F-04EFFC6D1466}.Debug|x86.Build.0 = Debug|Any CPU
		{091FC16A-CA3B-4D28-B59F-04EFFC6D1466}.Release|Any CPU.ActiveCfg = Release|Any CPU
		{091FC16A-CA3B-4D28-B59F-04EFFC6D1466}.Release|Any CPU.Build.0 = Release|Any CPU
		{091FC16A-CA3B-4D28-B59F-04EFFC6D1466}.Release|x64.ActiveCfg = Release|Any CPU
		{091FC16A-CA3B-4D28-B59F-04EFFC6D1466}.Release|x64.Build.0 = Release|Any CPU
		{091FC16A-CA3B-4D28-B59F-04EFFC6D1466}.Release|x86.ActiveCfg = Release|Any CPU
		{091FC16A-CA3B-4D28-B59F-04EFFC6D1466}.Release|x86.Build.0 = Release|Any CPU
		{AA18837E-CFE3-4F6E-BE27-6EAF00978C82}.Debug|Any CPU.ActiveCfg = Debug|Any CPU
		{AA18837E-CFE3-4F6E-BE27-6EAF00978C82}.Debug|Any CPU.Build.0 = Debug|Any CPU
		{AA18837E-CFE3-4F6E-BE27-6EAF00978C82}.Debug|x64.ActiveCfg = Debug|Any CPU
		{AA18837E-CFE3-4F6E-BE27-6EAF00978C82}.Debug|x64.Build.0 = Debug|Any CPU
		{AA18837E-CFE3-4F6E-BE27-6EAF00978C82}.Debug|x86.ActiveCfg = Debug|Any CPU
		{AA18837E-CFE3-4F6E-BE27-6EAF00978C82}.Debug|x86.Build.0 = Debug|Any CPU
		{AA18837E-CFE3-4F6E-BE27-6EAF00978C82}.Release|Any CPU.ActiveCfg = Release|Any CPU
		{AA18837E-CFE3-4F6E-BE27-6EAF00978C82}.Release|Any CPU.Build.0 = Release|Any CPU
		{AA18837E-CFE3-4F6E-BE27-6EAF00978C82}.Release|x64.ActiveCfg = Release|Any CPU
		{AA18837E-CFE3-4F6E-BE27-6EAF00978C82}.Release|x64.Build.0 = Release|Any CPU
		{AA18837E-CFE3-4F6E-BE27-6EAF00978C82}.Release|x86.ActiveCfg = Release|Any CPU
		{AA18837E-CFE3-4F6E-BE27-6EAF00978C82}.Release|x86.Build.0 = Release|Any CPU
		{364CC26E-5C20-4228-983E-8E71444635A0}.Debug|Any CPU.ActiveCfg = Debug|Any CPU
		{364CC26E-5C20-4228-983E-8E71444635A0}.Debug|Any CPU.Build.0 = Debug|Any CPU
		{364CC26E-5C20-4228-983E-8E71444635A0}.Debug|x64.ActiveCfg = Debug|Any CPU
		{364CC26E-5C20-4228-983E-8E71444635A0}.Debug|x64.Build.0 = Debug|Any CPU
		{364CC26E-5C20-4228-983E-8E71444635A0}.Debug|x86.ActiveCfg = Debug|Any CPU
		{364CC26E-5C20-4228-983E-8E71444635A0}.Debug|x86.Build.0 = Debug|Any CPU
		{364CC26E-5C20-4228-983E-8E71444635A0}.Release|Any CPU.ActiveCfg = Release|Any CPU
		{364CC26E-5C20-4228-983E-8E71444635A0}.Release|Any CPU.Build.0 = Release|Any CPU
		{364CC26E-5C20-4228-983E-8E71444635A0}.Release|x64.ActiveCfg = Release|Any CPU
		{364CC26E-5C20-4228-983E-8E71444635A0}.Release|x64.Build.0 = Release|Any CPU
		{364CC26E-5C20-4228-983E-8E71444635A0}.Release|x86.ActiveCfg = Release|Any CPU
		{364CC26E-5C20-4228-983E-8E71444635A0}.Release|x86.Build.0 = Release|Any CPU
		{111C9B3D-4D74-4D7B-BA26-1CB6A730491E}.Debug|Any CPU.ActiveCfg = Debug|Any CPU
		{111C9B3D-4D74-4D7B-BA26-1CB6A730491E}.Debug|Any CPU.Build.0 = Debug|Any CPU
		{111C9B3D-4D74-4D7B-BA26-1CB6A730491E}.Debug|x64.ActiveCfg = Debug|Any CPU
		{111C9B3D-4D74-4D7B-BA26-1CB6A730491E}.Debug|x64.Build.0 = Debug|Any CPU
		{111C9B3D-4D74-4D7B-BA26-1CB6A730491E}.Debug|x86.ActiveCfg = Debug|Any CPU
		{111C9B3D-4D74-4D7B-BA26-1CB6A730491E}.Debug|x86.Build.0 = Debug|Any CPU
		{111C9B3D-4D74-4D7B-BA26-1CB6A730491E}.Release|Any CPU.ActiveCfg = Release|Any CPU
		{111C9B3D-4D74-4D7B-BA26-1CB6A730491E}.Release|Any CPU.Build.0 = Release|Any CPU
		{111C9B3D-4D74-4D7B-BA26-1CB6A730491E}.Release|x64.ActiveCfg = Release|Any CPU
		{111C9B3D-4D74-4D7B-BA26-1CB6A730491E}.Release|x64.Build.0 = Release|Any CPU
		{111C9B3D-4D74-4D7B-BA26-1CB6A730491E}.Release|x86.ActiveCfg = Release|Any CPU
		{111C9B3D-4D74-4D7B-BA26-1CB6A730491E}.Release|x86.Build.0 = Release|Any CPU
		{59E0975A-C294-431E-9BF7-BF4261FBEC21}.Debug|Any CPU.ActiveCfg = Debug|Any CPU
		{59E0975A-C294-431E-9BF7-BF4261FBEC21}.Debug|Any CPU.Build.0 = Debug|Any CPU
		{59E0975A-C294-431E-9BF7-BF4261FBEC21}.Debug|x64.ActiveCfg = Debug|Any CPU
		{59E0975A-C294-431E-9BF7-BF4261FBEC21}.Debug|x64.Build.0 = Debug|Any CPU
		{59E0975A-C294-431E-9BF7-BF4261FBEC21}.Debug|x86.ActiveCfg = Debug|Any CPU
		{59E0975A-C294-431E-9BF7-BF4261FBEC21}.Debug|x86.Build.0 = Debug|Any CPU
		{59E0975A-C294-431E-9BF7-BF4261FBEC21}.Release|Any CPU.ActiveCfg = Release|Any CPU
		{59E0975A-C294-431E-9BF7-BF4261FBEC21}.Release|Any CPU.Build.0 = Release|Any CPU
		{59E0975A-C294-431E-9BF7-BF4261FBEC21}.Release|x64.ActiveCfg = Release|Any CPU
		{59E0975A-C294-431E-9BF7-BF4261FBEC21}.Release|x64.Build.0 = Release|Any CPU
		{59E0975A-C294-431E-9BF7-BF4261FBEC21}.Release|x86.ActiveCfg = Release|Any CPU
		{59E0975A-C294-431E-9BF7-BF4261FBEC21}.Release|x86.Build.0 = Release|Any CPU
		{1F2FA581-39C2-46DF-A76A-935AC812C22E}.Debug|Any CPU.ActiveCfg = Debug|Any CPU
		{1F2FA581-39C2-46DF-A76A-935AC812C22E}.Debug|Any CPU.Build.0 = Debug|Any CPU
		{1F2FA581-39C2-46DF-A76A-935AC812C22E}.Debug|x64.ActiveCfg = Debug|Any CPU
		{1F2FA581-39C2-46DF-A76A-935AC812C22E}.Debug|x64.Build.0 = Debug|Any CPU
		{1F2FA581-39C2-46DF-A76A-935AC812C22E}.Debug|x86.ActiveCfg = Debug|Any CPU
		{1F2FA581-39C2-46DF-A76A-935AC812C22E}.Debug|x86.Build.0 = Debug|Any CPU
		{1F2FA581-39C2-46DF-A76A-935AC812C22E}.Release|Any CPU.ActiveCfg = Release|Any CPU
		{1F2FA581-39C2-46DF-A76A-935AC812C22E}.Release|Any CPU.Build.0 = Release|Any CPU
		{1F2FA581-39C2-46DF-A76A-935AC812C22E}.Release|x64.ActiveCfg = Release|Any CPU
		{1F2FA581-39C2-46DF-A76A-935AC812C22E}.Release|x64.Build.0 = Release|Any CPU
		{1F2FA581-39C2-46DF-A76A-935AC812C22E}.Release|x86.ActiveCfg = Release|Any CPU
		{1F2FA581-39C2-46DF-A76A-935AC812C22E}.Release|x86.Build.0 = Release|Any CPU
		{32E29BC9-0686-446A-A7BB-96BFCC27A557}.Debug|Any CPU.ActiveCfg = Debug|Any CPU
		{32E29BC9-0686-446A-A7BB-96BFCC27A557}.Debug|Any CPU.Build.0 = Debug|Any CPU
		{32E29BC9-0686-446A-A7BB-96BFCC27A557}.Debug|x64.ActiveCfg = Debug|Any CPU
		{32E29BC9-0686-446A-A7BB-96BFCC27A557}.Debug|x64.Build.0 = Debug|Any CPU
		{32E29BC9-0686-446A-A7BB-96BFCC27A557}.Debug|x86.ActiveCfg = Debug|Any CPU
		{32E29BC9-0686-446A-A7BB-96BFCC27A557}.Debug|x86.Build.0 = Debug|Any CPU
		{32E29BC9-0686-446A-A7BB-96BFCC27A557}.Release|Any CPU.ActiveCfg = Release|Any CPU
		{32E29BC9-0686-446A-A7BB-96BFCC27A557}.Release|Any CPU.Build.0 = Release|Any CPU
		{32E29BC9-0686-446A-A7BB-96BFCC27A557}.Release|x64.ActiveCfg = Release|Any CPU
		{32E29BC9-0686-446A-A7BB-96BFCC27A557}.Release|x64.Build.0 = Release|Any CPU
		{32E29BC9-0686-446A-A7BB-96BFCC27A557}.Release|x86.ActiveCfg = Release|Any CPU
		{32E29BC9-0686-446A-A7BB-96BFCC27A557}.Release|x86.Build.0 = Release|Any CPU
		{112C4114-9EF8-4A09-BCE6-BE42D0781574}.Debug|Any CPU.ActiveCfg = Debug|Any CPU
		{112C4114-9EF8-4A09-BCE6-BE42D0781574}.Debug|Any CPU.Build.0 = Debug|Any CPU
		{112C4114-9EF8-4A09-BCE6-BE42D0781574}.Debug|x64.ActiveCfg = Debug|Any CPU
		{112C4114-9EF8-4A09-BCE6-BE42D0781574}.Debug|x64.Build.0 = Debug|Any CPU
		{112C4114-9EF8-4A09-BCE6-BE42D0781574}.Debug|x86.ActiveCfg = Debug|Any CPU
		{112C4114-9EF8-4A09-BCE6-BE42D0781574}.Debug|x86.Build.0 = Debug|Any CPU
		{112C4114-9EF8-4A09-BCE6-BE42D0781574}.Release|Any CPU.ActiveCfg = Release|Any CPU
		{112C4114-9EF8-4A09-BCE6-BE42D0781574}.Release|Any CPU.Build.0 = Release|Any CPU
		{112C4114-9EF8-4A09-BCE6-BE42D0781574}.Release|x64.ActiveCfg = Release|Any CPU
		{112C4114-9EF8-4A09-BCE6-BE42D0781574}.Release|x64.Build.0 = Release|Any CPU
		{112C4114-9EF8-4A09-BCE6-BE42D0781574}.Release|x86.ActiveCfg = Release|Any CPU
		{112C4114-9EF8-4A09-BCE6-BE42D0781574}.Release|x86.Build.0 = Release|Any CPU
		{48F9FEFB-2635-43FB-9C01-579D89FC7761}.Debug|Any CPU.ActiveCfg = Debug|Any CPU
		{48F9FEFB-2635-43FB-9C01-579D89FC7761}.Debug|Any CPU.Build.0 = Debug|Any CPU
		{48F9FEFB-2635-43FB-9C01-579D89FC7761}.Debug|x64.ActiveCfg = Debug|Any CPU
		{48F9FEFB-2635-43FB-9C01-579D89FC7761}.Debug|x64.Build.0 = Debug|Any CPU
		{48F9FEFB-2635-43FB-9C01-579D89FC7761}.Debug|x86.ActiveCfg = Debug|Any CPU
		{48F9FEFB-2635-43FB-9C01-579D89FC7761}.Debug|x86.Build.0 = Debug|Any CPU
		{48F9FEFB-2635-43FB-9C01-579D89FC7761}.Release|Any CPU.ActiveCfg = Release|Any CPU
		{48F9FEFB-2635-43FB-9C01-579D89FC7761}.Release|Any CPU.Build.0 = Release|Any CPU
		{48F9FEFB-2635-43FB-9C01-579D89FC7761}.Release|x64.ActiveCfg = Release|Any CPU
		{48F9FEFB-2635-43FB-9C01-579D89FC7761}.Release|x64.Build.0 = Release|Any CPU
		{48F9FEFB-2635-43FB-9C01-579D89FC7761}.Release|x86.ActiveCfg = Release|Any CPU
		{48F9FEFB-2635-43FB-9C01-579D89FC7761}.Release|x86.Build.0 = Release|Any CPU
		{3D000603-4AD4-47D0-B9DD-AC5E95E4631A}.Debug|Any CPU.ActiveCfg = Debug|Any CPU
		{3D000603-4AD4-47D0-B9DD-AC5E95E4631A}.Debug|Any CPU.Build.0 = Debug|Any CPU
		{3D000603-4AD4-47D0-B9DD-AC5E95E4631A}.Debug|x64.ActiveCfg = Debug|Any CPU
		{3D000603-4AD4-47D0-B9DD-AC5E95E4631A}.Debug|x64.Build.0 = Debug|Any CPU
		{3D000603-4AD4-47D0-B9DD-AC5E95E4631A}.Debug|x86.ActiveCfg = Debug|Any CPU
		{3D000603-4AD4-47D0-B9DD-AC5E95E4631A}.Debug|x86.Build.0 = Debug|Any CPU
		{3D000603-4AD4-47D0-B9DD-AC5E95E4631A}.Release|Any CPU.ActiveCfg = Release|Any CPU
		{3D000603-4AD4-47D0-B9DD-AC5E95E4631A}.Release|Any CPU.Build.0 = Release|Any CPU
		{3D000603-4AD4-47D0-B9DD-AC5E95E4631A}.Release|x64.ActiveCfg = Release|Any CPU
		{3D000603-4AD4-47D0-B9DD-AC5E95E4631A}.Release|x64.Build.0 = Release|Any CPU
		{3D000603-4AD4-47D0-B9DD-AC5E95E4631A}.Release|x86.ActiveCfg = Release|Any CPU
		{3D000603-4AD4-47D0-B9DD-AC5E95E4631A}.Release|x86.Build.0 = Release|Any CPU
		{59C193FF-1A33-45C3-941F-C81FB5190227}.Debug|Any CPU.ActiveCfg = Debug|Any CPU
		{59C193FF-1A33-45C3-941F-C81FB5190227}.Debug|Any CPU.Build.0 = Debug|Any CPU
		{59C193FF-1A33-45C3-941F-C81FB5190227}.Debug|x64.ActiveCfg = Debug|Any CPU
		{59C193FF-1A33-45C3-941F-C81FB5190227}.Debug|x64.Build.0 = Debug|Any CPU
		{59C193FF-1A33-45C3-941F-C81FB5190227}.Debug|x86.ActiveCfg = Debug|Any CPU
		{59C193FF-1A33-45C3-941F-C81FB5190227}.Debug|x86.Build.0 = Debug|Any CPU
		{59C193FF-1A33-45C3-941F-C81FB5190227}.Release|Any CPU.ActiveCfg = Release|Any CPU
		{59C193FF-1A33-45C3-941F-C81FB5190227}.Release|Any CPU.Build.0 = Release|Any CPU
		{59C193FF-1A33-45C3-941F-C81FB5190227}.Release|x64.ActiveCfg = Release|Any CPU
		{59C193FF-1A33-45C3-941F-C81FB5190227}.Release|x64.Build.0 = Release|Any CPU
		{59C193FF-1A33-45C3-941F-C81FB5190227}.Release|x86.ActiveCfg = Release|Any CPU
		{59C193FF-1A33-45C3-941F-C81FB5190227}.Release|x86.Build.0 = Release|Any CPU
		{736AEFBE-FC0A-4406-AE9D-EB4E0F60C029}.Debug|Any CPU.ActiveCfg = Debug|Any CPU
		{736AEFBE-FC0A-4406-AE9D-EB4E0F60C029}.Debug|Any CPU.Build.0 = Debug|Any CPU
		{736AEFBE-FC0A-4406-AE9D-EB4E0F60C029}.Debug|x64.ActiveCfg = Debug|Any CPU
		{736AEFBE-FC0A-4406-AE9D-EB4E0F60C029}.Debug|x64.Build.0 = Debug|Any CPU
		{736AEFBE-FC0A-4406-AE9D-EB4E0F60C029}.Debug|x86.ActiveCfg = Debug|Any CPU
		{736AEFBE-FC0A-4406-AE9D-EB4E0F60C029}.Debug|x86.Build.0 = Debug|Any CPU
		{736AEFBE-FC0A-4406-AE9D-EB4E0F60C029}.Release|Any CPU.ActiveCfg = Release|Any CPU
		{736AEFBE-FC0A-4406-AE9D-EB4E0F60C029}.Release|Any CPU.Build.0 = Release|Any CPU
		{736AEFBE-FC0A-4406-AE9D-EB4E0F60C029}.Release|x64.ActiveCfg = Release|Any CPU
		{736AEFBE-FC0A-4406-AE9D-EB4E0F60C029}.Release|x64.Build.0 = Release|Any CPU
		{736AEFBE-FC0A-4406-AE9D-EB4E0F60C029}.Release|x86.ActiveCfg = Release|Any CPU
		{736AEFBE-FC0A-4406-AE9D-EB4E0F60C029}.Release|x86.Build.0 = Release|Any CPU
		{7360E9FD-D733-4A08-BCCA-7D3F7BE95579}.Debug|Any CPU.ActiveCfg = Debug|Any CPU
		{7360E9FD-D733-4A08-BCCA-7D3F7BE95579}.Debug|Any CPU.Build.0 = Debug|Any CPU
		{7360E9FD-D733-4A08-BCCA-7D3F7BE95579}.Debug|x64.ActiveCfg = Debug|Any CPU
		{7360E9FD-D733-4A08-BCCA-7D3F7BE95579}.Debug|x64.Build.0 = Debug|Any CPU
		{7360E9FD-D733-4A08-BCCA-7D3F7BE95579}.Debug|x86.ActiveCfg = Debug|Any CPU
		{7360E9FD-D733-4A08-BCCA-7D3F7BE95579}.Debug|x86.Build.0 = Debug|Any CPU
		{7360E9FD-D733-4A08-BCCA-7D3F7BE95579}.Release|Any CPU.ActiveCfg = Release|Any CPU
		{7360E9FD-D733-4A08-BCCA-7D3F7BE95579}.Release|Any CPU.Build.0 = Release|Any CPU
		{7360E9FD-D733-4A08-BCCA-7D3F7BE95579}.Release|x64.ActiveCfg = Release|Any CPU
		{7360E9FD-D733-4A08-BCCA-7D3F7BE95579}.Release|x64.Build.0 = Release|Any CPU
		{7360E9FD-D733-4A08-BCCA-7D3F7BE95579}.Release|x86.ActiveCfg = Release|Any CPU
		{7360E9FD-D733-4A08-BCCA-7D3F7BE95579}.Release|x86.Build.0 = Release|Any CPU
		{F686E426-BE37-4E1D-BD67-D36B0C83962B}.Debug|Any CPU.ActiveCfg = Debug|Any CPU
		{F686E426-BE37-4E1D-BD67-D36B0C83962B}.Debug|Any CPU.Build.0 = Debug|Any CPU
		{F686E426-BE37-4E1D-BD67-D36B0C83962B}.Debug|x64.ActiveCfg = Debug|Any CPU
		{F686E426-BE37-4E1D-BD67-D36B0C83962B}.Debug|x64.Build.0 = Debug|Any CPU
		{F686E426-BE37-4E1D-BD67-D36B0C83962B}.Debug|x86.ActiveCfg = Debug|Any CPU
		{F686E426-BE37-4E1D-BD67-D36B0C83962B}.Debug|x86.Build.0 = Debug|Any CPU
		{F686E426-BE37-4E1D-BD67-D36B0C83962B}.Release|Any CPU.ActiveCfg = Release|Any CPU
		{F686E426-BE37-4E1D-BD67-D36B0C83962B}.Release|Any CPU.Build.0 = Release|Any CPU
		{F686E426-BE37-4E1D-BD67-D36B0C83962B}.Release|x64.ActiveCfg = Release|Any CPU
		{F686E426-BE37-4E1D-BD67-D36B0C83962B}.Release|x64.Build.0 = Release|Any CPU
		{F686E426-BE37-4E1D-BD67-D36B0C83962B}.Release|x86.ActiveCfg = Release|Any CPU
		{F686E426-BE37-4E1D-BD67-D36B0C83962B}.Release|x86.Build.0 = Release|Any CPU
		{F9723A9D-34AB-497A-B926-F6D86B52BE6E}.Debug|Any CPU.ActiveCfg = Debug|Any CPU
		{F9723A9D-34AB-497A-B926-F6D86B52BE6E}.Debug|Any CPU.Build.0 = Debug|Any CPU
		{F9723A9D-34AB-497A-B926-F6D86B52BE6E}.Debug|x64.ActiveCfg = Debug|Any CPU
		{F9723A9D-34AB-497A-B926-F6D86B52BE6E}.Debug|x64.Build.0 = Debug|Any CPU
		{F9723A9D-34AB-497A-B926-F6D86B52BE6E}.Debug|x86.ActiveCfg = Debug|Any CPU
		{F9723A9D-34AB-497A-B926-F6D86B52BE6E}.Debug|x86.Build.0 = Debug|Any CPU
		{F9723A9D-34AB-497A-B926-F6D86B52BE6E}.Release|Any CPU.ActiveCfg = Release|Any CPU
		{F9723A9D-34AB-497A-B926-F6D86B52BE6E}.Release|Any CPU.Build.0 = Release|Any CPU
		{F9723A9D-34AB-497A-B926-F6D86B52BE6E}.Release|x64.ActiveCfg = Release|Any CPU
		{F9723A9D-34AB-497A-B926-F6D86B52BE6E}.Release|x64.Build.0 = Release|Any CPU
		{F9723A9D-34AB-497A-B926-F6D86B52BE6E}.Release|x86.ActiveCfg = Release|Any CPU
		{F9723A9D-34AB-497A-B926-F6D86B52BE6E}.Release|x86.Build.0 = Release|Any CPU
		{B83BFBEC-E2B2-4E6E-9D82-678FF5F21282}.Debug|Any CPU.ActiveCfg = Debug|Any CPU
		{B83BFBEC-E2B2-4E6E-9D82-678FF5F21282}.Debug|Any CPU.Build.0 = Debug|Any CPU
		{B83BFBEC-E2B2-4E6E-9D82-678FF5F21282}.Debug|x64.ActiveCfg = Debug|Any CPU
		{B83BFBEC-E2B2-4E6E-9D82-678FF5F21282}.Debug|x64.Build.0 = Debug|Any CPU
		{B83BFBEC-E2B2-4E6E-9D82-678FF5F21282}.Debug|x86.ActiveCfg = Debug|Any CPU
		{B83BFBEC-E2B2-4E6E-9D82-678FF5F21282}.Debug|x86.Build.0 = Debug|Any CPU
		{B83BFBEC-E2B2-4E6E-9D82-678FF5F21282}.Release|Any CPU.ActiveCfg = Release|Any CPU
		{B83BFBEC-E2B2-4E6E-9D82-678FF5F21282}.Release|Any CPU.Build.0 = Release|Any CPU
		{B83BFBEC-E2B2-4E6E-9D82-678FF5F21282}.Release|x64.ActiveCfg = Release|Any CPU
		{B83BFBEC-E2B2-4E6E-9D82-678FF5F21282}.Release|x64.Build.0 = Release|Any CPU
		{B83BFBEC-E2B2-4E6E-9D82-678FF5F21282}.Release|x86.ActiveCfg = Release|Any CPU
		{B83BFBEC-E2B2-4E6E-9D82-678FF5F21282}.Release|x86.Build.0 = Release|Any CPU
		{5D1CDFAC-5961-48CB-95FD-0F5B37E8AC5F}.Debug|Any CPU.ActiveCfg = Debug|Any CPU
		{5D1CDFAC-5961-48CB-95FD-0F5B37E8AC5F}.Debug|Any CPU.Build.0 = Debug|Any CPU
		{5D1CDFAC-5961-48CB-95FD-0F5B37E8AC5F}.Debug|x64.ActiveCfg = Debug|Any CPU
		{5D1CDFAC-5961-48CB-95FD-0F5B37E8AC5F}.Debug|x64.Build.0 = Debug|Any CPU
		{5D1CDFAC-5961-48CB-95FD-0F5B37E8AC5F}.Debug|x86.ActiveCfg = Debug|Any CPU
		{5D1CDFAC-5961-48CB-95FD-0F5B37E8AC5F}.Debug|x86.Build.0 = Debug|Any CPU
		{5D1CDFAC-5961-48CB-95FD-0F5B37E8AC5F}.Release|Any CPU.ActiveCfg = Release|Any CPU
		{5D1CDFAC-5961-48CB-95FD-0F5B37E8AC5F}.Release|Any CPU.Build.0 = Release|Any CPU
		{5D1CDFAC-5961-48CB-95FD-0F5B37E8AC5F}.Release|x64.ActiveCfg = Release|Any CPU
		{5D1CDFAC-5961-48CB-95FD-0F5B37E8AC5F}.Release|x64.Build.0 = Release|Any CPU
		{5D1CDFAC-5961-48CB-95FD-0F5B37E8AC5F}.Release|x86.ActiveCfg = Release|Any CPU
		{5D1CDFAC-5961-48CB-95FD-0F5B37E8AC5F}.Release|x86.Build.0 = Release|Any CPU
		{B365A0D7-2D6B-4A08-8B1C-9C8158589C6B}.Debug|Any CPU.ActiveCfg = Debug|Any CPU
		{B365A0D7-2D6B-4A08-8B1C-9C8158589C6B}.Debug|Any CPU.Build.0 = Debug|Any CPU
		{B365A0D7-2D6B-4A08-8B1C-9C8158589C6B}.Debug|x64.ActiveCfg = Debug|Any CPU
		{B365A0D7-2D6B-4A08-8B1C-9C8158589C6B}.Debug|x64.Build.0 = Debug|Any CPU
		{B365A0D7-2D6B-4A08-8B1C-9C8158589C6B}.Debug|x86.ActiveCfg = Debug|Any CPU
		{B365A0D7-2D6B-4A08-8B1C-9C8158589C6B}.Debug|x86.Build.0 = Debug|Any CPU
		{B365A0D7-2D6B-4A08-8B1C-9C8158589C6B}.Release|Any CPU.ActiveCfg = Release|Any CPU
		{B365A0D7-2D6B-4A08-8B1C-9C8158589C6B}.Release|Any CPU.Build.0 = Release|Any CPU
		{B365A0D7-2D6B-4A08-8B1C-9C8158589C6B}.Release|x64.ActiveCfg = Release|Any CPU
		{B365A0D7-2D6B-4A08-8B1C-9C8158589C6B}.Release|x64.Build.0 = Release|Any CPU
		{B365A0D7-2D6B-4A08-8B1C-9C8158589C6B}.Release|x86.ActiveCfg = Release|Any CPU
		{B365A0D7-2D6B-4A08-8B1C-9C8158589C6B}.Release|x86.Build.0 = Release|Any CPU
		{FCBC2097-1DEA-4C07-B2E7-E990D3D11AFD}.Debug|Any CPU.ActiveCfg = Debug|Any CPU
		{FCBC2097-1DEA-4C07-B2E7-E990D3D11AFD}.Debug|Any CPU.Build.0 = Debug|Any CPU
		{FCBC2097-1DEA-4C07-B2E7-E990D3D11AFD}.Debug|x64.ActiveCfg = Debug|Any CPU
		{FCBC2097-1DEA-4C07-B2E7-E990D3D11AFD}.Debug|x64.Build.0 = Debug|Any CPU
		{FCBC2097-1DEA-4C07-B2E7-E990D3D11AFD}.Debug|x86.ActiveCfg = Debug|Any CPU
		{FCBC2097-1DEA-4C07-B2E7-E990D3D11AFD}.Debug|x86.Build.0 = Debug|Any CPU
		{FCBC2097-1DEA-4C07-B2E7-E990D3D11AFD}.Release|Any CPU.ActiveCfg = Release|Any CPU
		{FCBC2097-1DEA-4C07-B2E7-E990D3D11AFD}.Release|Any CPU.Build.0 = Release|Any CPU
		{FCBC2097-1DEA-4C07-B2E7-E990D3D11AFD}.Release|x64.ActiveCfg = Release|Any CPU
		{FCBC2097-1DEA-4C07-B2E7-E990D3D11AFD}.Release|x64.Build.0 = Release|Any CPU
		{FCBC2097-1DEA-4C07-B2E7-E990D3D11AFD}.Release|x86.ActiveCfg = Release|Any CPU
		{FCBC2097-1DEA-4C07-B2E7-E990D3D11AFD}.Release|x86.Build.0 = Release|Any CPU
		{7996F74D-6ECE-4685-898F-8A5EEC17D082}.Debug|Any CPU.ActiveCfg = Debug|Any CPU
		{7996F74D-6ECE-4685-898F-8A5EEC17D082}.Debug|Any CPU.Build.0 = Debug|Any CPU
		{7996F74D-6ECE-4685-898F-8A5EEC17D082}.Debug|x64.ActiveCfg = Debug|Any CPU
		{7996F74D-6ECE-4685-898F-8A5EEC17D082}.Debug|x64.Build.0 = Debug|Any CPU
		{7996F74D-6ECE-4685-898F-8A5EEC17D082}.Debug|x86.ActiveCfg = Debug|Any CPU
		{7996F74D-6ECE-4685-898F-8A5EEC17D082}.Debug|x86.Build.0 = Debug|Any CPU
		{7996F74D-6ECE-4685-898F-8A5EEC17D082}.Release|Any CPU.ActiveCfg = Release|Any CPU
		{7996F74D-6ECE-4685-898F-8A5EEC17D082}.Release|Any CPU.Build.0 = Release|Any CPU
		{7996F74D-6ECE-4685-898F-8A5EEC17D082}.Release|x64.ActiveCfg = Release|Any CPU
		{7996F74D-6ECE-4685-898F-8A5EEC17D082}.Release|x64.Build.0 = Release|Any CPU
		{7996F74D-6ECE-4685-898F-8A5EEC17D082}.Release|x86.ActiveCfg = Release|Any CPU
		{7996F74D-6ECE-4685-898F-8A5EEC17D082}.Release|x86.Build.0 = Release|Any CPU
		{361C78FF-C45E-4247-8943-D6508F9CD873}.Debug|Any CPU.ActiveCfg = Debug|Any CPU
		{361C78FF-C45E-4247-8943-D6508F9CD873}.Debug|Any CPU.Build.0 = Debug|Any CPU
		{361C78FF-C45E-4247-8943-D6508F9CD873}.Debug|x64.ActiveCfg = Debug|Any CPU
		{361C78FF-C45E-4247-8943-D6508F9CD873}.Debug|x64.Build.0 = Debug|Any CPU
		{361C78FF-C45E-4247-8943-D6508F9CD873}.Debug|x86.ActiveCfg = Debug|Any CPU
		{361C78FF-C45E-4247-8943-D6508F9CD873}.Debug|x86.Build.0 = Debug|Any CPU
		{361C78FF-C45E-4247-8943-D6508F9CD873}.Release|Any CPU.ActiveCfg = Release|Any CPU
		{361C78FF-C45E-4247-8943-D6508F9CD873}.Release|Any CPU.Build.0 = Release|Any CPU
		{361C78FF-C45E-4247-8943-D6508F9CD873}.Release|x64.ActiveCfg = Release|Any CPU
		{361C78FF-C45E-4247-8943-D6508F9CD873}.Release|x64.Build.0 = Release|Any CPU
		{361C78FF-C45E-4247-8943-D6508F9CD873}.Release|x86.ActiveCfg = Release|Any CPU
		{361C78FF-C45E-4247-8943-D6508F9CD873}.Release|x86.Build.0 = Release|Any CPU
		{30D3D299-2D48-41A8-8B2D-1D85A10469C9}.Debug|Any CPU.ActiveCfg = Debug|Any CPU
		{30D3D299-2D48-41A8-8B2D-1D85A10469C9}.Debug|Any CPU.Build.0 = Debug|Any CPU
		{30D3D299-2D48-41A8-8B2D-1D85A10469C9}.Debug|x64.ActiveCfg = Debug|Any CPU
		{30D3D299-2D48-41A8-8B2D-1D85A10469C9}.Debug|x64.Build.0 = Debug|Any CPU
		{30D3D299-2D48-41A8-8B2D-1D85A10469C9}.Debug|x86.ActiveCfg = Debug|Any CPU
		{30D3D299-2D48-41A8-8B2D-1D85A10469C9}.Debug|x86.Build.0 = Debug|Any CPU
		{30D3D299-2D48-41A8-8B2D-1D85A10469C9}.Release|Any CPU.ActiveCfg = Release|Any CPU
		{30D3D299-2D48-41A8-8B2D-1D85A10469C9}.Release|Any CPU.Build.0 = Release|Any CPU
		{30D3D299-2D48-41A8-8B2D-1D85A10469C9}.Release|x64.ActiveCfg = Release|Any CPU
		{30D3D299-2D48-41A8-8B2D-1D85A10469C9}.Release|x64.Build.0 = Release|Any CPU
		{30D3D299-2D48-41A8-8B2D-1D85A10469C9}.Release|x86.ActiveCfg = Release|Any CPU
		{30D3D299-2D48-41A8-8B2D-1D85A10469C9}.Release|x86.Build.0 = Release|Any CPU
		{7664FFAA-AB79-49E0-99DB-FB865FCEF214}.Debug|Any CPU.ActiveCfg = Debug|Any CPU
		{7664FFAA-AB79-49E0-99DB-FB865FCEF214}.Debug|Any CPU.Build.0 = Debug|Any CPU
		{7664FFAA-AB79-49E0-99DB-FB865FCEF214}.Debug|x64.ActiveCfg = Debug|Any CPU
		{7664FFAA-AB79-49E0-99DB-FB865FCEF214}.Debug|x64.Build.0 = Debug|Any CPU
		{7664FFAA-AB79-49E0-99DB-FB865FCEF214}.Debug|x86.ActiveCfg = Debug|Any CPU
		{7664FFAA-AB79-49E0-99DB-FB865FCEF214}.Debug|x86.Build.0 = Debug|Any CPU
		{7664FFAA-AB79-49E0-99DB-FB865FCEF214}.Release|Any CPU.ActiveCfg = Release|Any CPU
		{7664FFAA-AB79-49E0-99DB-FB865FCEF214}.Release|Any CPU.Build.0 = Release|Any CPU
		{7664FFAA-AB79-49E0-99DB-FB865FCEF214}.Release|x64.ActiveCfg = Release|Any CPU
		{7664FFAA-AB79-49E0-99DB-FB865FCEF214}.Release|x64.Build.0 = Release|Any CPU
		{7664FFAA-AB79-49E0-99DB-FB865FCEF214}.Release|x86.ActiveCfg = Release|Any CPU
		{7664FFAA-AB79-49E0-99DB-FB865FCEF214}.Release|x86.Build.0 = Release|Any CPU
		{60EB6369-30A4-4B0C-9F33-224D061E5458}.Debug|Any CPU.ActiveCfg = Debug|Any CPU
		{60EB6369-30A4-4B0C-9F33-224D061E5458}.Debug|Any CPU.Build.0 = Debug|Any CPU
		{60EB6369-30A4-4B0C-9F33-224D061E5458}.Debug|x64.ActiveCfg = Debug|Any CPU
		{60EB6369-30A4-4B0C-9F33-224D061E5458}.Debug|x64.Build.0 = Debug|Any CPU
		{60EB6369-30A4-4B0C-9F33-224D061E5458}.Debug|x86.ActiveCfg = Debug|Any CPU
		{60EB6369-30A4-4B0C-9F33-224D061E5458}.Debug|x86.Build.0 = Debug|Any CPU
		{60EB6369-30A4-4B0C-9F33-224D061E5458}.Release|Any CPU.ActiveCfg = Release|Any CPU
		{60EB6369-30A4-4B0C-9F33-224D061E5458}.Release|Any CPU.Build.0 = Release|Any CPU
		{60EB6369-30A4-4B0C-9F33-224D061E5458}.Release|x64.ActiveCfg = Release|Any CPU
		{60EB6369-30A4-4B0C-9F33-224D061E5458}.Release|x64.Build.0 = Release|Any CPU
		{60EB6369-30A4-4B0C-9F33-224D061E5458}.Release|x86.ActiveCfg = Release|Any CPU
		{60EB6369-30A4-4B0C-9F33-224D061E5458}.Release|x86.Build.0 = Release|Any CPU
		{6C69E2E6-CFDF-4714-AF42-795F594B3DB1}.Debug|Any CPU.ActiveCfg = Debug|Any CPU
		{6C69E2E6-CFDF-4714-AF42-795F594B3DB1}.Debug|Any CPU.Build.0 = Debug|Any CPU
		{6C69E2E6-CFDF-4714-AF42-795F594B3DB1}.Debug|x64.ActiveCfg = Debug|Any CPU
		{6C69E2E6-CFDF-4714-AF42-795F594B3DB1}.Debug|x64.Build.0 = Debug|Any CPU
		{6C69E2E6-CFDF-4714-AF42-795F594B3DB1}.Debug|x86.ActiveCfg = Debug|Any CPU
		{6C69E2E6-CFDF-4714-AF42-795F594B3DB1}.Debug|x86.Build.0 = Debug|Any CPU
		{6C69E2E6-CFDF-4714-AF42-795F594B3DB1}.Release|Any CPU.ActiveCfg = Release|Any CPU
		{6C69E2E6-CFDF-4714-AF42-795F594B3DB1}.Release|Any CPU.Build.0 = Release|Any CPU
		{6C69E2E6-CFDF-4714-AF42-795F594B3DB1}.Release|x64.ActiveCfg = Release|Any CPU
		{6C69E2E6-CFDF-4714-AF42-795F594B3DB1}.Release|x64.Build.0 = Release|Any CPU
		{6C69E2E6-CFDF-4714-AF42-795F594B3DB1}.Release|x86.ActiveCfg = Release|Any CPU
		{6C69E2E6-CFDF-4714-AF42-795F594B3DB1}.Release|x86.Build.0 = Release|Any CPU
		{E16D1D6E-6B3C-4C16-89FB-8E769F095176}.Debug|Any CPU.ActiveCfg = Debug|Any CPU
		{E16D1D6E-6B3C-4C16-89FB-8E769F095176}.Debug|Any CPU.Build.0 = Debug|Any CPU
		{E16D1D6E-6B3C-4C16-89FB-8E769F095176}.Debug|x64.ActiveCfg = Debug|Any CPU
		{E16D1D6E-6B3C-4C16-89FB-8E769F095176}.Debug|x64.Build.0 = Debug|Any CPU
		{E16D1D6E-6B3C-4C16-89FB-8E769F095176}.Debug|x86.ActiveCfg = Debug|Any CPU
		{E16D1D6E-6B3C-4C16-89FB-8E769F095176}.Debug|x86.Build.0 = Debug|Any CPU
		{E16D1D6E-6B3C-4C16-89FB-8E769F095176}.Release|Any CPU.ActiveCfg = Release|Any CPU
		{E16D1D6E-6B3C-4C16-89FB-8E769F095176}.Release|Any CPU.Build.0 = Release|Any CPU
		{E16D1D6E-6B3C-4C16-89FB-8E769F095176}.Release|x64.ActiveCfg = Release|Any CPU
		{E16D1D6E-6B3C-4C16-89FB-8E769F095176}.Release|x64.Build.0 = Release|Any CPU
		{E16D1D6E-6B3C-4C16-89FB-8E769F095176}.Release|x86.ActiveCfg = Release|Any CPU
		{E16D1D6E-6B3C-4C16-89FB-8E769F095176}.Release|x86.Build.0 = Release|Any CPU
		{0623BCD4-3CE4-4CE5-84F0-5C6477B2F39B}.Debug|Any CPU.ActiveCfg = Debug|Win32
		{0623BCD4-3CE4-4CE5-84F0-5C6477B2F39B}.Debug|x64.ActiveCfg = Debug|x64
		{0623BCD4-3CE4-4CE5-84F0-5C6477B2F39B}.Debug|x64.Build.0 = Debug|x64
		{0623BCD4-3CE4-4CE5-84F0-5C6477B2F39B}.Debug|x86.ActiveCfg = Debug|Win32
		{0623BCD4-3CE4-4CE5-84F0-5C6477B2F39B}.Debug|x86.Build.0 = Debug|Win32
		{0623BCD4-3CE4-4CE5-84F0-5C6477B2F39B}.Release|Any CPU.ActiveCfg = Release|Win32
		{0623BCD4-3CE4-4CE5-84F0-5C6477B2F39B}.Release|x64.ActiveCfg = Release|x64
		{0623BCD4-3CE4-4CE5-84F0-5C6477B2F39B}.Release|x64.Build.0 = Release|x64
		{0623BCD4-3CE4-4CE5-84F0-5C6477B2F39B}.Release|x86.ActiveCfg = Release|Win32
		{0623BCD4-3CE4-4CE5-84F0-5C6477B2F39B}.Release|x86.Build.0 = Release|Win32
		{AA16634B-6783-438B-82B5-BDC45D8F856F}.Debug|Any CPU.ActiveCfg = Debug|Any CPU
		{AA16634B-6783-438B-82B5-BDC45D8F856F}.Debug|Any CPU.Build.0 = Debug|Any CPU
		{AA16634B-6783-438B-82B5-BDC45D8F856F}.Debug|x64.ActiveCfg = Debug|Any CPU
		{AA16634B-6783-438B-82B5-BDC45D8F856F}.Debug|x64.Build.0 = Debug|Any CPU
		{AA16634B-6783-438B-82B5-BDC45D8F856F}.Debug|x86.ActiveCfg = Debug|Any CPU
		{AA16634B-6783-438B-82B5-BDC45D8F856F}.Debug|x86.Build.0 = Debug|Any CPU
		{AA16634B-6783-438B-82B5-BDC45D8F856F}.Release|Any CPU.ActiveCfg = Release|Any CPU
		{AA16634B-6783-438B-82B5-BDC45D8F856F}.Release|Any CPU.Build.0 = Release|Any CPU
		{AA16634B-6783-438B-82B5-BDC45D8F856F}.Release|x64.ActiveCfg = Release|Any CPU
		{AA16634B-6783-438B-82B5-BDC45D8F856F}.Release|x64.Build.0 = Release|Any CPU
		{AA16634B-6783-438B-82B5-BDC45D8F856F}.Release|x86.ActiveCfg = Release|Any CPU
		{AA16634B-6783-438B-82B5-BDC45D8F856F}.Release|x86.Build.0 = Release|Any CPU
		{EDA82A31-24E7-4FFC-829D-9A7E4C15E31E}.Debug|Any CPU.ActiveCfg = Debug|Any CPU
		{EDA82A31-24E7-4FFC-829D-9A7E4C15E31E}.Debug|Any CPU.Build.0 = Debug|Any CPU
		{EDA82A31-24E7-4FFC-829D-9A7E4C15E31E}.Debug|x64.ActiveCfg = Debug|Any CPU
		{EDA82A31-24E7-4FFC-829D-9A7E4C15E31E}.Debug|x64.Build.0 = Debug|Any CPU
		{EDA82A31-24E7-4FFC-829D-9A7E4C15E31E}.Debug|x86.ActiveCfg = Debug|Any CPU
		{EDA82A31-24E7-4FFC-829D-9A7E4C15E31E}.Debug|x86.Build.0 = Debug|Any CPU
		{EDA82A31-24E7-4FFC-829D-9A7E4C15E31E}.Release|Any CPU.ActiveCfg = Release|Any CPU
		{EDA82A31-24E7-4FFC-829D-9A7E4C15E31E}.Release|Any CPU.Build.0 = Release|Any CPU
		{EDA82A31-24E7-4FFC-829D-9A7E4C15E31E}.Release|x64.ActiveCfg = Release|Any CPU
		{EDA82A31-24E7-4FFC-829D-9A7E4C15E31E}.Release|x64.Build.0 = Release|Any CPU
		{EDA82A31-24E7-4FFC-829D-9A7E4C15E31E}.Release|x86.ActiveCfg = Release|Any CPU
		{EDA82A31-24E7-4FFC-829D-9A7E4C15E31E}.Release|x86.Build.0 = Release|Any CPU
		{0411EBE3-C760-4D6A-8B76-30A0DA435FE9}.Debug|Any CPU.ActiveCfg = Debug|Any CPU
		{0411EBE3-C760-4D6A-8B76-30A0DA435FE9}.Debug|Any CPU.Build.0 = Debug|Any CPU
		{0411EBE3-C760-4D6A-8B76-30A0DA435FE9}.Debug|x64.ActiveCfg = Debug|Any CPU
		{0411EBE3-C760-4D6A-8B76-30A0DA435FE9}.Debug|x64.Build.0 = Debug|Any CPU
		{0411EBE3-C760-4D6A-8B76-30A0DA435FE9}.Debug|x86.ActiveCfg = Debug|Any CPU
		{0411EBE3-C760-4D6A-8B76-30A0DA435FE9}.Debug|x86.Build.0 = Debug|Any CPU
		{0411EBE3-C760-4D6A-8B76-30A0DA435FE9}.Release|Any CPU.ActiveCfg = Release|Any CPU
		{0411EBE3-C760-4D6A-8B76-30A0DA435FE9}.Release|Any CPU.Build.0 = Release|Any CPU
		{0411EBE3-C760-4D6A-8B76-30A0DA435FE9}.Release|x64.ActiveCfg = Release|Any CPU
		{0411EBE3-C760-4D6A-8B76-30A0DA435FE9}.Release|x64.Build.0 = Release|Any CPU
		{0411EBE3-C760-4D6A-8B76-30A0DA435FE9}.Release|x86.ActiveCfg = Release|Any CPU
		{0411EBE3-C760-4D6A-8B76-30A0DA435FE9}.Release|x86.Build.0 = Release|Any CPU
		{7A83ED87-DD3F-4ED4-ABA3-DEB697359172}.Debug|Any CPU.ActiveCfg = Debug|Any CPU
		{7A83ED87-DD3F-4ED4-ABA3-DEB697359172}.Debug|Any CPU.Build.0 = Debug|Any CPU
		{7A83ED87-DD3F-4ED4-ABA3-DEB697359172}.Debug|x64.ActiveCfg = Debug|Any CPU
		{7A83ED87-DD3F-4ED4-ABA3-DEB697359172}.Debug|x64.Build.0 = Debug|Any CPU
		{7A83ED87-DD3F-4ED4-ABA3-DEB697359172}.Debug|x86.ActiveCfg = Debug|Any CPU
		{7A83ED87-DD3F-4ED4-ABA3-DEB697359172}.Debug|x86.Build.0 = Debug|Any CPU
		{7A83ED87-DD3F-4ED4-ABA3-DEB697359172}.Release|Any CPU.ActiveCfg = Release|Any CPU
		{7A83ED87-DD3F-4ED4-ABA3-DEB697359172}.Release|Any CPU.Build.0 = Release|Any CPU
		{7A83ED87-DD3F-4ED4-ABA3-DEB697359172}.Release|x64.ActiveCfg = Release|Any CPU
		{7A83ED87-DD3F-4ED4-ABA3-DEB697359172}.Release|x64.Build.0 = Release|Any CPU
		{7A83ED87-DD3F-4ED4-ABA3-DEB697359172}.Release|x86.ActiveCfg = Release|Any CPU
		{7A83ED87-DD3F-4ED4-ABA3-DEB697359172}.Release|x86.Build.0 = Release|Any CPU
		{95CC1CC6-828D-4D12-86B9-D2848F9D061E}.Debug|Any CPU.ActiveCfg = Debug|Any CPU
		{95CC1CC6-828D-4D12-86B9-D2848F9D061E}.Debug|Any CPU.Build.0 = Debug|Any CPU
		{95CC1CC6-828D-4D12-86B9-D2848F9D061E}.Debug|x64.ActiveCfg = Debug|Any CPU
		{95CC1CC6-828D-4D12-86B9-D2848F9D061E}.Debug|x64.Build.0 = Debug|Any CPU
		{95CC1CC6-828D-4D12-86B9-D2848F9D061E}.Debug|x86.ActiveCfg = Debug|Any CPU
		{95CC1CC6-828D-4D12-86B9-D2848F9D061E}.Debug|x86.Build.0 = Debug|Any CPU
		{95CC1CC6-828D-4D12-86B9-D2848F9D061E}.Release|Any CPU.ActiveCfg = Release|Any CPU
		{95CC1CC6-828D-4D12-86B9-D2848F9D061E}.Release|Any CPU.Build.0 = Release|Any CPU
		{95CC1CC6-828D-4D12-86B9-D2848F9D061E}.Release|x64.ActiveCfg = Release|Any CPU
		{95CC1CC6-828D-4D12-86B9-D2848F9D061E}.Release|x64.Build.0 = Release|Any CPU
		{95CC1CC6-828D-4D12-86B9-D2848F9D061E}.Release|x86.ActiveCfg = Release|Any CPU
		{95CC1CC6-828D-4D12-86B9-D2848F9D061E}.Release|x86.Build.0 = Release|Any CPU
		{E7C1111F-8829-4FF2-A585-AA5314954A31}.Debug|Any CPU.ActiveCfg = Debug|Any CPU
		{E7C1111F-8829-4FF2-A585-AA5314954A31}.Debug|Any CPU.Build.0 = Debug|Any CPU
		{E7C1111F-8829-4FF2-A585-AA5314954A31}.Debug|x64.ActiveCfg = Debug|Any CPU
		{E7C1111F-8829-4FF2-A585-AA5314954A31}.Debug|x64.Build.0 = Debug|Any CPU
		{E7C1111F-8829-4FF2-A585-AA5314954A31}.Debug|x86.ActiveCfg = Debug|Any CPU
		{E7C1111F-8829-4FF2-A585-AA5314954A31}.Debug|x86.Build.0 = Debug|Any CPU
		{E7C1111F-8829-4FF2-A585-AA5314954A31}.Release|Any CPU.ActiveCfg = Release|Any CPU
		{E7C1111F-8829-4FF2-A585-AA5314954A31}.Release|Any CPU.Build.0 = Release|Any CPU
		{E7C1111F-8829-4FF2-A585-AA5314954A31}.Release|x64.ActiveCfg = Release|Any CPU
		{E7C1111F-8829-4FF2-A585-AA5314954A31}.Release|x64.Build.0 = Release|Any CPU
		{E7C1111F-8829-4FF2-A585-AA5314954A31}.Release|x86.ActiveCfg = Release|Any CPU
		{E7C1111F-8829-4FF2-A585-AA5314954A31}.Release|x86.Build.0 = Release|Any CPU
		{7760BFA9-5F5F-454A-877B-825DC07EC40A}.Debug|Any CPU.ActiveCfg = Debug|Any CPU
		{7760BFA9-5F5F-454A-877B-825DC07EC40A}.Debug|Any CPU.Build.0 = Debug|Any CPU
		{7760BFA9-5F5F-454A-877B-825DC07EC40A}.Debug|x64.ActiveCfg = Debug|Any CPU
		{7760BFA9-5F5F-454A-877B-825DC07EC40A}.Debug|x64.Build.0 = Debug|Any CPU
		{7760BFA9-5F5F-454A-877B-825DC07EC40A}.Debug|x86.ActiveCfg = Debug|Any CPU
		{7760BFA9-5F5F-454A-877B-825DC07EC40A}.Debug|x86.Build.0 = Debug|Any CPU
		{7760BFA9-5F5F-454A-877B-825DC07EC40A}.Release|Any CPU.ActiveCfg = Release|Any CPU
		{7760BFA9-5F5F-454A-877B-825DC07EC40A}.Release|Any CPU.Build.0 = Release|Any CPU
		{7760BFA9-5F5F-454A-877B-825DC07EC40A}.Release|x64.ActiveCfg = Release|Any CPU
		{7760BFA9-5F5F-454A-877B-825DC07EC40A}.Release|x64.Build.0 = Release|Any CPU
		{7760BFA9-5F5F-454A-877B-825DC07EC40A}.Release|x86.ActiveCfg = Release|Any CPU
		{7760BFA9-5F5F-454A-877B-825DC07EC40A}.Release|x86.Build.0 = Release|Any CPU
		{D4B3A40B-E166-435E-BBA6-818DF98F17B7}.Debug|Any CPU.ActiveCfg = Debug|Any CPU
		{D4B3A40B-E166-435E-BBA6-818DF98F17B7}.Debug|Any CPU.Build.0 = Debug|Any CPU
		{D4B3A40B-E166-435E-BBA6-818DF98F17B7}.Debug|x64.ActiveCfg = Debug|Any CPU
		{D4B3A40B-E166-435E-BBA6-818DF98F17B7}.Debug|x64.Build.0 = Debug|Any CPU
		{D4B3A40B-E166-435E-BBA6-818DF98F17B7}.Debug|x86.ActiveCfg = Debug|Any CPU
		{D4B3A40B-E166-435E-BBA6-818DF98F17B7}.Debug|x86.Build.0 = Debug|Any CPU
		{D4B3A40B-E166-435E-BBA6-818DF98F17B7}.Release|Any CPU.ActiveCfg = Release|Any CPU
		{D4B3A40B-E166-435E-BBA6-818DF98F17B7}.Release|Any CPU.Build.0 = Release|Any CPU
		{D4B3A40B-E166-435E-BBA6-818DF98F17B7}.Release|x64.ActiveCfg = Release|Any CPU
		{D4B3A40B-E166-435E-BBA6-818DF98F17B7}.Release|x64.Build.0 = Release|Any CPU
		{D4B3A40B-E166-435E-BBA6-818DF98F17B7}.Release|x86.ActiveCfg = Release|Any CPU
		{D4B3A40B-E166-435E-BBA6-818DF98F17B7}.Release|x86.Build.0 = Release|Any CPU
		{E8DF049E-3049-4F68-916C-51468A36D6EA}.Debug|Any CPU.ActiveCfg = Debug|Any CPU
		{E8DF049E-3049-4F68-916C-51468A36D6EA}.Debug|Any CPU.Build.0 = Debug|Any CPU
		{E8DF049E-3049-4F68-916C-51468A36D6EA}.Debug|x64.ActiveCfg = Debug|Any CPU
		{E8DF049E-3049-4F68-916C-51468A36D6EA}.Debug|x64.Build.0 = Debug|Any CPU
		{E8DF049E-3049-4F68-916C-51468A36D6EA}.Debug|x86.ActiveCfg = Debug|Any CPU
		{E8DF049E-3049-4F68-916C-51468A36D6EA}.Debug|x86.Build.0 = Debug|Any CPU
		{E8DF049E-3049-4F68-916C-51468A36D6EA}.Release|Any CPU.ActiveCfg = Release|Any CPU
		{E8DF049E-3049-4F68-916C-51468A36D6EA}.Release|Any CPU.Build.0 = Release|Any CPU
		{E8DF049E-3049-4F68-916C-51468A36D6EA}.Release|x64.ActiveCfg = Release|Any CPU
		{E8DF049E-3049-4F68-916C-51468A36D6EA}.Release|x64.Build.0 = Release|Any CPU
		{E8DF049E-3049-4F68-916C-51468A36D6EA}.Release|x86.ActiveCfg = Release|Any CPU
		{E8DF049E-3049-4F68-916C-51468A36D6EA}.Release|x86.Build.0 = Release|Any CPU
		{0042E77B-469A-4875-858E-7C1A7025F103}.Debug|Any CPU.ActiveCfg = Debug|Any CPU
		{0042E77B-469A-4875-858E-7C1A7025F103}.Debug|Any CPU.Build.0 = Debug|Any CPU
		{0042E77B-469A-4875-858E-7C1A7025F103}.Debug|x64.ActiveCfg = Debug|Any CPU
		{0042E77B-469A-4875-858E-7C1A7025F103}.Debug|x64.Build.0 = Debug|Any CPU
		{0042E77B-469A-4875-858E-7C1A7025F103}.Debug|x86.ActiveCfg = Debug|Any CPU
		{0042E77B-469A-4875-858E-7C1A7025F103}.Debug|x86.Build.0 = Debug|Any CPU
		{0042E77B-469A-4875-858E-7C1A7025F103}.Release|Any CPU.ActiveCfg = Release|Any CPU
		{0042E77B-469A-4875-858E-7C1A7025F103}.Release|Any CPU.Build.0 = Release|Any CPU
		{0042E77B-469A-4875-858E-7C1A7025F103}.Release|x64.ActiveCfg = Release|Any CPU
		{0042E77B-469A-4875-858E-7C1A7025F103}.Release|x64.Build.0 = Release|Any CPU
		{0042E77B-469A-4875-858E-7C1A7025F103}.Release|x86.ActiveCfg = Release|Any CPU
		{0042E77B-469A-4875-858E-7C1A7025F103}.Release|x86.Build.0 = Release|Any CPU
		{ED808678-A5BC-46BE-9F61-06E8D34CD5E4}.Debug|Any CPU.ActiveCfg = Debug|Any CPU
		{ED808678-A5BC-46BE-9F61-06E8D34CD5E4}.Debug|Any CPU.Build.0 = Debug|Any CPU
		{ED808678-A5BC-46BE-9F61-06E8D34CD5E4}.Debug|x64.ActiveCfg = Debug|Any CPU
		{ED808678-A5BC-46BE-9F61-06E8D34CD5E4}.Debug|x64.Build.0 = Debug|Any CPU
		{ED808678-A5BC-46BE-9F61-06E8D34CD5E4}.Debug|x86.ActiveCfg = Debug|Any CPU
		{ED808678-A5BC-46BE-9F61-06E8D34CD5E4}.Debug|x86.Build.0 = Debug|Any CPU
		{ED808678-A5BC-46BE-9F61-06E8D34CD5E4}.Release|Any CPU.ActiveCfg = Release|Any CPU
		{ED808678-A5BC-46BE-9F61-06E8D34CD5E4}.Release|Any CPU.Build.0 = Release|Any CPU
		{ED808678-A5BC-46BE-9F61-06E8D34CD5E4}.Release|x64.ActiveCfg = Release|Any CPU
		{ED808678-A5BC-46BE-9F61-06E8D34CD5E4}.Release|x64.Build.0 = Release|Any CPU
		{ED808678-A5BC-46BE-9F61-06E8D34CD5E4}.Release|x86.ActiveCfg = Release|Any CPU
		{ED808678-A5BC-46BE-9F61-06E8D34CD5E4}.Release|x86.Build.0 = Release|Any CPU
		{593534E5-C7AB-481D-B8E8-8CADCC409FEA}.Debug|Any CPU.ActiveCfg = Debug|Any CPU
		{593534E5-C7AB-481D-B8E8-8CADCC409FEA}.Debug|Any CPU.Build.0 = Debug|Any CPU
		{593534E5-C7AB-481D-B8E8-8CADCC409FEA}.Debug|x64.ActiveCfg = Debug|Any CPU
		{593534E5-C7AB-481D-B8E8-8CADCC409FEA}.Debug|x64.Build.0 = Debug|Any CPU
		{593534E5-C7AB-481D-B8E8-8CADCC409FEA}.Debug|x86.ActiveCfg = Debug|Any CPU
		{593534E5-C7AB-481D-B8E8-8CADCC409FEA}.Debug|x86.Build.0 = Debug|Any CPU
		{593534E5-C7AB-481D-B8E8-8CADCC409FEA}.Release|Any CPU.ActiveCfg = Release|Any CPU
		{593534E5-C7AB-481D-B8E8-8CADCC409FEA}.Release|Any CPU.Build.0 = Release|Any CPU
		{593534E5-C7AB-481D-B8E8-8CADCC409FEA}.Release|x64.ActiveCfg = Release|Any CPU
		{593534E5-C7AB-481D-B8E8-8CADCC409FEA}.Release|x64.Build.0 = Release|Any CPU
		{593534E5-C7AB-481D-B8E8-8CADCC409FEA}.Release|x86.ActiveCfg = Release|Any CPU
		{593534E5-C7AB-481D-B8E8-8CADCC409FEA}.Release|x86.Build.0 = Release|Any CPU
		{8A33F3D7-FE87-4BA0-97EC-EB5DEDEDA5C7}.Debug|Any CPU.ActiveCfg = Debug|Any CPU
		{8A33F3D7-FE87-4BA0-97EC-EB5DEDEDA5C7}.Debug|Any CPU.Build.0 = Debug|Any CPU
		{8A33F3D7-FE87-4BA0-97EC-EB5DEDEDA5C7}.Debug|x64.ActiveCfg = Debug|Any CPU
		{8A33F3D7-FE87-4BA0-97EC-EB5DEDEDA5C7}.Debug|x64.Build.0 = Debug|Any CPU
		{8A33F3D7-FE87-4BA0-97EC-EB5DEDEDA5C7}.Debug|x86.ActiveCfg = Debug|Any CPU
		{8A33F3D7-FE87-4BA0-97EC-EB5DEDEDA5C7}.Debug|x86.Build.0 = Debug|Any CPU
		{8A33F3D7-FE87-4BA0-97EC-EB5DEDEDA5C7}.Release|Any CPU.ActiveCfg = Release|Any CPU
		{8A33F3D7-FE87-4BA0-97EC-EB5DEDEDA5C7}.Release|Any CPU.Build.0 = Release|Any CPU
		{8A33F3D7-FE87-4BA0-97EC-EB5DEDEDA5C7}.Release|x64.ActiveCfg = Release|Any CPU
		{8A33F3D7-FE87-4BA0-97EC-EB5DEDEDA5C7}.Release|x64.Build.0 = Release|Any CPU
		{8A33F3D7-FE87-4BA0-97EC-EB5DEDEDA5C7}.Release|x86.ActiveCfg = Release|Any CPU
		{8A33F3D7-FE87-4BA0-97EC-EB5DEDEDA5C7}.Release|x86.Build.0 = Release|Any CPU
		{E44E8CAC-D091-4471-99DC-A6E18F88AA50}.Debug|Any CPU.ActiveCfg = Debug|Any CPU
		{E44E8CAC-D091-4471-99DC-A6E18F88AA50}.Debug|Any CPU.Build.0 = Debug|Any CPU
		{E44E8CAC-D091-4471-99DC-A6E18F88AA50}.Debug|x64.ActiveCfg = Debug|Any CPU
		{E44E8CAC-D091-4471-99DC-A6E18F88AA50}.Debug|x64.Build.0 = Debug|Any CPU
		{E44E8CAC-D091-4471-99DC-A6E18F88AA50}.Debug|x86.ActiveCfg = Debug|Any CPU
		{E44E8CAC-D091-4471-99DC-A6E18F88AA50}.Debug|x86.Build.0 = Debug|Any CPU
		{E44E8CAC-D091-4471-99DC-A6E18F88AA50}.Release|Any CPU.ActiveCfg = Release|Any CPU
		{E44E8CAC-D091-4471-99DC-A6E18F88AA50}.Release|Any CPU.Build.0 = Release|Any CPU
		{E44E8CAC-D091-4471-99DC-A6E18F88AA50}.Release|x64.ActiveCfg = Release|Any CPU
		{E44E8CAC-D091-4471-99DC-A6E18F88AA50}.Release|x64.Build.0 = Release|Any CPU
		{E44E8CAC-D091-4471-99DC-A6E18F88AA50}.Release|x86.ActiveCfg = Release|Any CPU
		{E44E8CAC-D091-4471-99DC-A6E18F88AA50}.Release|x86.Build.0 = Release|Any CPU
		{651566FF-B6E1-4AD7-BC80-1604FD3C516B}.Debug|Any CPU.ActiveCfg = Debug|Any CPU
		{651566FF-B6E1-4AD7-BC80-1604FD3C516B}.Debug|Any CPU.Build.0 = Debug|Any CPU
		{651566FF-B6E1-4AD7-BC80-1604FD3C516B}.Debug|x64.ActiveCfg = Debug|Any CPU
		{651566FF-B6E1-4AD7-BC80-1604FD3C516B}.Debug|x64.Build.0 = Debug|Any CPU
		{651566FF-B6E1-4AD7-BC80-1604FD3C516B}.Debug|x86.ActiveCfg = Debug|Any CPU
		{651566FF-B6E1-4AD7-BC80-1604FD3C516B}.Debug|x86.Build.0 = Debug|Any CPU
		{651566FF-B6E1-4AD7-BC80-1604FD3C516B}.Release|Any CPU.ActiveCfg = Release|Any CPU
		{651566FF-B6E1-4AD7-BC80-1604FD3C516B}.Release|Any CPU.Build.0 = Release|Any CPU
		{651566FF-B6E1-4AD7-BC80-1604FD3C516B}.Release|x64.ActiveCfg = Release|Any CPU
		{651566FF-B6E1-4AD7-BC80-1604FD3C516B}.Release|x64.Build.0 = Release|Any CPU
		{651566FF-B6E1-4AD7-BC80-1604FD3C516B}.Release|x86.ActiveCfg = Release|Any CPU
		{651566FF-B6E1-4AD7-BC80-1604FD3C516B}.Release|x86.Build.0 = Release|Any CPU
	EndGlobalSection
	GlobalSection(SolutionProperties) = preSolution
		HideSolutionNode = FALSE
	EndGlobalSection
	GlobalSection(ExtensibilityGlobals) = postSolution
		SolutionGuid = {3A55113F-0819-4468-8BA9-11950DFD5EB6}
	EndGlobalSection
EndGlobal
